// !$*UTF8*$!
{
	archiveVersion = 1;
	classes = {
	};
	objectVersion = 50;
	objects = {

/* Begin PBXBuildFile section */
		518B0E0E21688A2B00EA0EE4 /* timerExample.cpp in Sources */ = {isa = PBXBuildFile; fileRef = 518B0E0D21688A2B00EA0EE4 /* timerExample.cpp */; };
		518B0E1121688E9C00EA0EE4 /* timerExample2.cpp in Sources */ = {isa = PBXBuildFile; fileRef = 518B0E0F21688E9C00EA0EE4 /* timerExample2.cpp */; };
		518B0E1321689B4E00EA0EE4 /* VertexExample.cpp in Sources */ = {isa = PBXBuildFile; fileRef = 518B0E1221689B4E00EA0EE4 /* VertexExample.cpp */; };
		518B0E152168A0D600EA0EE4 /* DisplayListExample.cpp in Sources */ = {isa = PBXBuildFile; fileRef = 518B0E142168A0D600EA0EE4 /* DisplayListExample.cpp */; };
		519ADC8A2164ADB600D1BE19 /* keyboardMouseExample.cpp in Sources */ = {isa = PBXBuildFile; fileRef = 519ADC892164ADB600D1BE19 /* keyboardMouseExample.cpp */; };
		519ADC932164ADC800D1BE19 /* OpenGL.framework in Frameworks */ = {isa = PBXBuildFile; fileRef = 519ADC912164ADC800D1BE19 /* OpenGL.framework */; };
		519ADC942164ADC800D1BE19 /* GLUT.framework in Frameworks */ = {isa = PBXBuildFile; fileRef = 519ADC922164ADC800D1BE19 /* GLUT.framework */; };
		519ADC962164F0B700D1BE19 /* munuExample.cpp in Sources */ = {isa = PBXBuildFile; fileRef = 519ADC952164F0B700D1BE19 /* munuExample.cpp */; };
		519ADC982164F8A600D1BE19 /* IdleExample.cpp in Sources */ = {isa = PBXBuildFile; fileRef = 519ADC972164F8A600D1BE19 /* IdleExample.cpp */; };
/* End PBXBuildFile section */

/* Begin PBXCopyFilesBuildPhase section */
		519ADC842164ADB600D1BE19 /* CopyFiles */ = {
			isa = PBXCopyFilesBuildPhase;
			buildActionMask = 2147483647;
			dstPath = /usr/share/man/man1/;
			dstSubfolderSpec = 0;
			files = (
			);
			runOnlyForDeploymentPostprocessing = 1;
		};
/* End PBXCopyFilesBuildPhase section */

/* Begin PBXFileReference section */
		518B0E0D21688A2B00EA0EE4 /* timerExample.cpp */ = {isa = PBXFileReference; lastKnownFileType = sourcecode.cpp.cpp; path = timerExample.cpp; sourceTree = "<group>"; };
		518B0E0F21688E9C00EA0EE4 /* timerExample2.cpp */ = {isa = PBXFileReference; lastKnownFileType = sourcecode.cpp.cpp; path = timerExample2.cpp; sourceTree = "<group>"; };
		518B0E1221689B4E00EA0EE4 /* VertexExample.cpp */ = {isa = PBXFileReference; lastKnownFileType = sourcecode.cpp.cpp; path = VertexExample.cpp; sourceTree = "<group>"; };
		518B0E142168A0D600EA0EE4 /* DisplayListExample.cpp */ = {isa = PBXFileReference; lastKnownFileType = sourcecode.cpp.cpp; path = DisplayListExample.cpp; sourceTree = "<group>"; };
		519ADC862164ADB600D1BE19 /* gl0 */ = {isa = PBXFileReference; explicitFileType = "compiled.mach-o.executable"; includeInIndex = 0; path = gl0; sourceTree = BUILT_PRODUCTS_DIR; };
		519ADC892164ADB600D1BE19 /* keyboardMouseExample.cpp */ = {isa = PBXFileReference; lastKnownFileType = sourcecode.cpp.cpp; path = keyboardMouseExample.cpp; sourceTree = "<group>"; };
		519ADC912164ADC800D1BE19 /* OpenGL.framework */ = {isa = PBXFileReference; lastKnownFileType = wrapper.framework; name = OpenGL.framework; path = System/Library/Frameworks/OpenGL.framework; sourceTree = SDKROOT; };
		519ADC922164ADC800D1BE19 /* GLUT.framework */ = {isa = PBXFileReference; lastKnownFileType = wrapper.framework; name = GLUT.framework; path = System/Library/Frameworks/GLUT.framework; sourceTree = SDKROOT; };
		519ADC952164F0B700D1BE19 /* munuExample.cpp */ = {isa = PBXFileReference; lastKnownFileType = sourcecode.cpp.cpp; path = munuExample.cpp; sourceTree = "<group>"; };
		519ADC972164F8A600D1BE19 /* IdleExample.cpp */ = {isa = PBXFileReference; lastKnownFileType = sourcecode.cpp.cpp; path = IdleExample.cpp; sourceTree = "<group>"; };
/* End PBXFileReference section */

/* Begin PBXFrameworksBuildPhase section */
		519ADC832164ADB600D1BE19 /* Frameworks */ = {
			isa = PBXFrameworksBuildPhase;
			buildActionMask = 2147483647;
			files = (
				519ADC932164ADC800D1BE19 /* OpenGL.framework in Frameworks */,
				519ADC942164ADC800D1BE19 /* GLUT.framework in Frameworks */,
			);
			runOnlyForDeploymentPostprocessing = 0;
		};
/* End PBXFrameworksBuildPhase section */

/* Begin PBXGroup section */
		519ADC7D2164ADB600D1BE19 = {
			isa = PBXGroup;
			children = (
				519ADC882164ADB600D1BE19 /* glExamples */,
				519ADC872164ADB600D1BE19 /* Products */,
				519ADC902164ADC700D1BE19 /* Frameworks */,
			);
			sourceTree = "<group>";
		};
		519ADC872164ADB600D1BE19 /* Products */ = {
			isa = PBXGroup;
			children = (
				519ADC862164ADB600D1BE19 /* gl0 */,
			);
			name = Products;
			sourceTree = "<group>";
		};
		519ADC882164ADB600D1BE19 /* glExamples */ = {
			isa = PBXGroup;
			children = (
				519ADC892164ADB600D1BE19 /* keyboardMouseExample.cpp */,
				519ADC952164F0B700D1BE19 /* munuExample.cpp */,
				519ADC972164F8A600D1BE19 /* IdleExample.cpp */,
				518B0E0D21688A2B00EA0EE4 /* timerExample.cpp */,
				518B0E0F21688E9C00EA0EE4 /* timerExample2.cpp */,
				518B0E1221689B4E00EA0EE4 /* VertexExample.cpp */,
				518B0E142168A0D600EA0EE4 /* DisplayListExample.cpp */,
			);
			path = glExamples;
			sourceTree = "<group>";
		};
		519ADC902164ADC700D1BE19 /* Frameworks */ = {
			isa = PBXGroup;
			children = (
				519ADC922164ADC800D1BE19 /* GLUT.framework */,
				519ADC912164ADC800D1BE19 /* OpenGL.framework */,
			);
			name = Frameworks;
			sourceTree = "<group>";
		};
/* End PBXGroup section */

/* Begin PBXNativeTarget section */
		519ADC852164ADB600D1BE19 /* gl0 */ = {
			isa = PBXNativeTarget;
			buildConfigurationList = 519ADC8D2164ADB600D1BE19 /* Build configuration list for PBXNativeTarget "gl0" */;
			buildPhases = (
				519ADC822164ADB600D1BE19 /* Sources */,
				519ADC832164ADB600D1BE19 /* Frameworks */,
				519ADC842164ADB600D1BE19 /* CopyFiles */,
			);
			buildRules = (
			);
			dependencies = (
			);
			name = gl0;
			productName = gl0;
			productReference = 519ADC862164ADB600D1BE19 /* gl0 */;
			productType = "com.apple.product-type.tool";
		};
/* End PBXNativeTarget section */

/* Begin PBXProject section */
		519ADC7E2164ADB600D1BE19 /* Project object */ = {
			isa = PBXProject;
			attributes = {
				LastUpgradeCheck = 0940;
				ORGANIZATIONNAME = SungHyunPark;
				TargetAttributes = {
					519ADC852164ADB600D1BE19 = {
						CreatedOnToolsVersion = 9.4.1;
					};
				};
			};
			buildConfigurationList = 519ADC812164ADB600D1BE19 /* Build configuration list for PBXProject "gl0" */;
			compatibilityVersion = "Xcode 9.3";
			developmentRegion = en;
			hasScannedForEncodings = 0;
			knownRegions = (
				en,
			);
			mainGroup = 519ADC7D2164ADB600D1BE19;
			productRefGroup = 519ADC872164ADB600D1BE19 /* Products */;
			projectDirPath = "";
			projectRoot = "";
			targets = (
				519ADC852164ADB600D1BE19 /* gl0 */,
			);
		};
/* End PBXProject section */

/* Begin PBXSourcesBuildPhase section */
		519ADC822164ADB600D1BE19 /* Sources */ = {
			isa = PBXSourcesBuildPhase;
			buildActionMask = 2147483647;
			files = (
				519ADC8A2164ADB600D1BE19 /* keyboardMouseExample.cpp in Sources */,
				519ADC982164F8A600D1BE19 /* IdleExample.cpp in Sources */,
				518B0E1321689B4E00EA0EE4 /* VertexExample.cpp in Sources */,
				518B0E1121688E9C00EA0EE4 /* timerExample2.cpp in Sources */,
				518B0E0E21688A2B00EA0EE4 /* timerExample.cpp in Sources */,
				518B0E152168A0D600EA0EE4 /* DisplayListExample.cpp in Sources */,
				519ADC962164F0B700D1BE19 /* munuExample.cpp in Sources */,
			);
			runOnlyForDeploymentPostprocessing = 0;
		};
/* End PBXSourcesBuildPhase section */

/* Begin XCBuildConfiguration section */
		519ADC8B2164ADB600D1BE19 /* Debug */ = {
			isa = XCBuildConfiguration;
			buildSettings = {
				ALWAYS_SEARCH_USER_PATHS = NO;
				CLANG_ANALYZER_NONNULL = YES;
				CLANG_ANALYZER_NUMBER_OBJECT_CONVERSION = YES_AGGRESSIVE;
				CLANG_CXX_LANGUAGE_STANDARD = "gnu++14";
				CLANG_CXX_LIBRARY = "libc++";
				CLANG_ENABLE_MODULES = YES;
				CLANG_ENABLE_OBJC_ARC = YES;
				CLANG_ENABLE_OBJC_WEAK = YES;
				CLANG_WARN_BLOCK_CAPTURE_AUTORELEASING = YES;
				CLANG_WARN_BOOL_CONVERSION = YES;
				CLANG_WARN_COMMA = YES;
				CLANG_WARN_CONSTANT_CONVERSION = YES;
				CLANG_WARN_DEPRECATED_OBJC_IMPLEMENTATIONS = YES;
				CLANG_WARN_DIRECT_OBJC_ISA_USAGE = YES_ERROR;
				CLANG_WARN_DOCUMENTATION_COMMENTS = YES;
				CLANG_WARN_EMPTY_BODY = YES;
				CLANG_WARN_ENUM_CONVERSION = YES;
				CLANG_WARN_INFINITE_RECURSION = YES;
				CLANG_WARN_INT_CONVERSION = YES;
				CLANG_WARN_NON_LITERAL_NULL_CONVERSION = YES;
				CLANG_WARN_OBJC_IMPLICIT_RETAIN_SELF = YES;
				CLANG_WARN_OBJC_LITERAL_CONVERSION = YES;
				CLANG_WARN_OBJC_ROOT_CLASS = YES_ERROR;
				CLANG_WARN_RANGE_LOOP_ANALYSIS = YES;
				CLANG_WARN_STRICT_PROTOTYPES = YES;
				CLANG_WARN_SUSPICIOUS_MOVE = YES;
				CLANG_WARN_UNGUARDED_AVAILABILITY = YES_AGGRESSIVE;
				CLANG_WARN_UNREACHABLE_CODE = YES;
				CLANG_WARN__DUPLICATE_METHOD_MATCH = YES;
				CODE_SIGN_IDENTITY = "-";
				COPY_PHASE_STRIP = NO;
				DEBUG_INFORMATION_FORMAT = dwarf;
				ENABLE_STRICT_OBJC_MSGSEND = YES;
				ENABLE_TESTABILITY = YES;
				GCC_C_LANGUAGE_STANDARD = gnu11;
				GCC_DYNAMIC_NO_PIC = NO;
				GCC_NO_COMMON_BLOCKS = YES;
				GCC_OPTIMIZATION_LEVEL = 0;
				GCC_PREPROCESSOR_DEFINITIONS = (
					"DEBUG=1",
					"$(inherited)",
				);
				GCC_WARN_64_TO_32_BIT_CONVERSION = YES;
				GCC_WARN_ABOUT_RETURN_TYPE = YES_ERROR;
				GCC_WARN_UNDECLARED_SELECTOR = YES;
				GCC_WARN_UNINITIALIZED_AUTOS = YES_AGGRESSIVE;
				GCC_WARN_UNUSED_FUNCTION = YES;
				GCC_WARN_UNUSED_VARIABLE = YES;
				MACOSX_DEPLOYMENT_TARGET = 10.13;
				MTL_ENABLE_DEBUG_INFO = YES;
				ONLY_ACTIVE_ARCH = YES;
				SDKROOT = macosx;
			};
			name = Debug;
		};
		519ADC8C2164ADB600D1BE19 /* Release */ = {
			isa = XCBuildConfiguration;
			buildSettings = {
				ALWAYS_SEARCH_USER_PATHS = NO;
				CLANG_ANALYZER_NONNULL = YES;
				CLANG_ANALYZER_NUMBER_OBJECT_CONVERSION = YES_AGGRESSIVE;
				CLANG_CXX_LANGUAGE_STANDARD = "gnu++14";
				CLANG_CXX_LIBRARY = "libc++";
				CLANG_ENABLE_MODULES = YES;
				CLANG_ENABLE_OBJC_ARC = YES;
				CLANG_ENABLE_OBJC_WEAK = YES;
				CLANG_WARN_BLOCK_CAPTURE_AUTORELEASING = YES;
				CLANG_WARN_BOOL_CONVERSION = YES;
				CLANG_WARN_COMMA = YES;
				CLANG_WARN_CONSTANT_CONVERSION = YES;
				CLANG_WARN_DEPRECATED_OBJC_IMPLEMENTATIONS = YES;
				CLANG_WARN_DIRECT_OBJC_ISA_USAGE = YES_ERROR;
				CLANG_WARN_DOCUMENTATION_COMMENTS = YES;
				CLANG_WARN_EMPTY_BODY = YES;
				CLANG_WARN_ENUM_CONVERSION = YES;
				CLANG_WARN_INFINITE_RECURSION = YES;
				CLANG_WARN_INT_CONVERSION = YES;
				CLANG_WARN_NON_LITERAL_NULL_CONVERSION = YES;
				CLANG_WARN_OBJC_IMPLICIT_RETAIN_SELF = YES;
				CLANG_WARN_OBJC_LITERAL_CONVERSION = YES;
				CLANG_WARN_OBJC_ROOT_CLASS = YES_ERROR;
				CLANG_WARN_RANGE_LOOP_ANALYSIS = YES;
				CLANG_WARN_STRICT_PROTOTYPES = YES;
				CLANG_WARN_SUSPICIOUS_MOVE = YES;
				CLANG_WARN_UNGUARDED_AVAILABILITY = YES_AGGRESSIVE;
				CLANG_WARN_UNREACHABLE_CODE = YES;
				CLANG_WARN__DUPLICATE_METHOD_MATCH = YES;
				CODE_SIGN_IDENTITY = "-";
				COPY_PHASE_STRIP = NO;
				DEBUG_INFORMATION_FORMAT = "dwarf-with-dsym";
				ENABLE_NS_ASSERTIONS = NO;
				ENABLE_STRICT_OBJC_MSGSEND = YES;
				GCC_C_LANGUAGE_STANDARD = gnu11;
				GCC_NO_COMMON_BLOCKS = YES;
				GCC_WARN_64_TO_32_BIT_CONVERSION = YES;
				GCC_WARN_ABOUT_RETURN_TYPE = YES_ERROR;
				GCC_WARN_UNDECLARED_SELECTOR = YES;
				GCC_WARN_UNINITIALIZED_AUTOS = YES_AGGRESSIVE;
				GCC_WARN_UNUSED_FUNCTION = YES;
				GCC_WARN_UNUSED_VARIABLE = YES;
				MACOSX_DEPLOYMENT_TARGET = 10.13;
				MTL_ENABLE_DEBUG_INFO = NO;
				SDKROOT = macosx;
			};
			name = Release;
		};
		519ADC8E2164ADB600D1BE19 /* Debug */ = {
			isa = XCBuildConfiguration;
			buildSettings = {
				CODE_SIGN_STYLE = Automatic;
				MACOSX_DEPLOYMENT_TARGET = 10.9;
				PRODUCT_NAME = "$(TARGET_NAME)";
			};
			name = Debug;
		};
		519ADC8F2164ADB600D1BE19 /* Release */ = {
			isa = XCBuildConfiguration;
			buildSettings = {
				CODE_SIGN_STYLE = Automatic;
				MACOSX_DEPLOYMENT_TARGET = 10.9;
				PRODUCT_NAME = "$(TARGET_NAME)";
			};
			name = Release;
		};
/* End XCBuildConfiguration section */

/* Begin XCConfigurationList section */
		519ADC812164ADB600D1BE19 /* Build configuration list for PBXProject "gl0" */ = {
			isa = XCConfigurationList;
			buildConfigurations = (
				519ADC8B2164ADB600D1BE19 /* Debug */,
				519ADC8C2164ADB600D1BE19 /* Release */,
			);
			defaultConfigurationIsVisible = 0;
			defaultConfigurationName = Release;
		};
		519ADC8D2164ADB600D1BE19 /* Build configuration list for PBXNativeTarget "gl0" */ = {
			isa = XCConfigurationList;
			buildConfigurations = (
				519ADC8E2164ADB600D1BE19 /* Debug */,
				519ADC8F2164ADB600D1BE19 /* Release */,
			);
			defaultConfigurationIsVisible = 0;
			defaultConfigurationName = Release;
		};
/* End XCConfigurationList section */
	};
	rootObject = 519ADC7E2164ADB600D1BE19 /* Project object */;
}
